{
  "version": 4,
  "terraform_version": "1.6.3",
  "serial": 203,
  "lineage": "b22ee2bf-2c9f-b910-f421-cb8ad2f2a675",
  "outputs": {
    "Lb_frontend_ip": {
      "value": "172.172.168.198",
      "type": "string"
    },
    "virtual_network_id": {
      "value": "/subscriptions/d142c4c7-733e-4ee6-9bb4-bcbe829e13c2/resourceGroups/staging_Rg/providers/Microsoft.Network/virtualNetworks/staging_vnet",
      "type": "string"
    }
  },
  "resources": [
    {
      "mode": "managed",
      "type": "azurerm_dns_a_record",
      "name": "www",
      "provider": "provider[\"registry.terraform.io/hashicorp/azurerm\"]",
      "instances": [
        {
          "schema_version": 1,
          "attributes": {
            "fqdn": "www.ganeshsaravanan.online.",
            "id": "/subscriptions/d142c4c7-733e-4ee6-9bb4-bcbe829e13c2/resourceGroups/staging_Rg/providers/Microsoft.Network/dnsZones/ganeshsaravanan.online/A/www",
            "name": "www",
            "records": [],
            "resource_group_name": "staging_Rg",
            "tags": {},
            "target_resource_id": "/subscriptions/d142c4c7-733e-4ee6-9bb4-bcbe829e13c2/resourceGroups/staging_Rg/providers/Microsoft.Network/publicIPAddresses/staging_lb_pubip",
            "timeouts": null,
            "ttl": 300,
            "zone_name": "ganeshsaravanan.online"
          },
          "sensitive_attributes": [],
          "private": "eyJlMmJmYjczMC1lY2FhLTExZTYtOGY4OC0zNDM2M2JjN2M0YzAiOnsiY3JlYXRlIjoxODAwMDAwMDAwMDAwLCJkZWxldGUiOjE4MDAwMDAwMDAwMDAsInJlYWQiOjMwMDAwMDAwMDAwMCwidXBkYXRlIjoxODAwMDAwMDAwMDAwfSwic2NoZW1hX3ZlcnNpb24iOiIxIn0=",
          "dependencies": [
            "azurerm_dns_zone.dns_zone",
            "azurerm_public_ip.staging_lb_pubip",
            "azurerm_resource_group.staging_rg"
          ]
        }
      ]
    },
    {
      "mode": "managed",
      "type": "azurerm_dns_zone",
      "name": "dns_zone",
      "provider": "provider[\"registry.terraform.io/hashicorp/azurerm\"]",
      "instances": [
        {
          "schema_version": 2,
          "attributes": {
            "id": "/subscriptions/d142c4c7-733e-4ee6-9bb4-bcbe829e13c2/resourceGroups/staging_Rg/providers/Microsoft.Network/dnsZones/ganeshsaravanan.online",
            "max_number_of_record_sets": 10000,
            "name": "ganeshsaravanan.online",
            "name_servers": [
              "ns1-02.azure-dns.com.",
              "ns2-02.azure-dns.net.",
              "ns3-02.azure-dns.org.",
              "ns4-02.azure-dns.info."
            ],
            "number_of_record_sets": 3,
            "resource_group_name": "staging_Rg",
            "soa_record": [
              {
                "email": "azuredns-hostmaster.microsoft.com",
                "expire_time": 2419200,
                "fqdn": "ganeshsaravanan.online.",
                "host_name": "ns1-02.azure-dns.com.",
                "minimum_ttl": 300,
                "refresh_time": 3600,
                "retry_time": 300,
                "serial_number": 1,
                "tags": {},
                "ttl": 3600
              }
            ],
            "tags": {},
            "timeouts": null
          },
          "sensitive_attributes": [],
          "private": "eyJlMmJmYjczMC1lY2FhLTExZTYtOGY4OC0zNDM2M2JjN2M0YzAiOnsiY3JlYXRlIjoxODAwMDAwMDAwMDAwLCJkZWxldGUiOjE4MDAwMDAwMDAwMDAsInJlYWQiOjMwMDAwMDAwMDAwMCwidXBkYXRlIjoxODAwMDAwMDAwMDAwfSwic2NoZW1hX3ZlcnNpb24iOiIyIn0=",
          "dependencies": [
            "azurerm_resource_group.staging_rg"
          ]
        }
      ]
    },
    {
      "mode": "managed",
      "type": "azurerm_lb",
      "name": "staging_lb",
      "provider": "provider[\"registry.terraform.io/hashicorp/azurerm\"]",
      "instances": [
        {
          "schema_version": 0,
          "attributes": {
            "edge_zone": "",
            "frontend_ip_configuration": [
              {
                "gateway_load_balancer_frontend_ip_configuration_id": "",
                "id": "/subscriptions/d142c4c7-733e-4ee6-9bb4-bcbe829e13c2/resourceGroups/staging_Rg/providers/Microsoft.Network/loadBalancers/staging_lb/frontendIPConfigurations/PublicIPAddress",
                "inbound_nat_rules": [],
                "load_balancer_rules": [
                  "/subscriptions/d142c4c7-733e-4ee6-9bb4-bcbe829e13c2/resourceGroups/staging_Rg/providers/Microsoft.Network/loadBalancers/staging_lb/loadBalancingRules/http-inbound"
                ],
                "name": "PublicIPAddress",
                "outbound_rules": [],
                "private_ip_address": "",
                "private_ip_address_allocation": "Dynamic",
                "private_ip_address_version": "",
                "public_ip_address_id": "/subscriptions/d142c4c7-733e-4ee6-9bb4-bcbe829e13c2/resourceGroups/staging_Rg/providers/Microsoft.Network/publicIPAddresses/staging_lb_pubip",
                "public_ip_prefix_id": "",
                "subnet_id": "",
                "zones": []
              }
            ],
            "id": "/subscriptions/d142c4c7-733e-4ee6-9bb4-bcbe829e13c2/resourceGroups/staging_Rg/providers/Microsoft.Network/loadBalancers/staging_lb",
            "location": "eastus",
            "name": "staging_lb",
            "private_ip_address": "",
            "private_ip_addresses": [],
            "resource_group_name": "staging_Rg",
            "sku": "Standard",
            "sku_tier": "Regional",
            "tags": {},
            "timeouts": null
          },
          "sensitive_attributes": [],
          "private": "eyJlMmJmYjczMC1lY2FhLTExZTYtOGY4OC0zNDM2M2JjN2M0YzAiOnsiY3JlYXRlIjoxODAwMDAwMDAwMDAwLCJkZWxldGUiOjE4MDAwMDAwMDAwMDAsInJlYWQiOjMwMDAwMDAwMDAwMCwidXBkYXRlIjoxODAwMDAwMDAwMDAwfX0=",
          "dependencies": [
            "azurerm_public_ip.staging_lb_pubip",
            "azurerm_resource_group.staging_rg"
          ]
        }
      ]
    },
    {
      "mode": "managed",
      "type": "azurerm_lb_backend_address_pool",
      "name": "staging_lb_backend_address_pool",
      "provider": "provider[\"registry.terraform.io/hashicorp/azurerm\"]",
      "instances": [
        {
          "schema_version": 0,
          "attributes": {
            "backend_ip_configurations": [],
            "id": "/subscriptions/d142c4c7-733e-4ee6-9bb4-bcbe829e13c2/resourceGroups/staging_Rg/providers/Microsoft.Network/loadBalancers/staging_lb/backendAddressPools/BackEnd_Pool_name",
            "inbound_nat_rules": [],
            "load_balancing_rules": [
              "/subscriptions/d142c4c7-733e-4ee6-9bb4-bcbe829e13c2/resourceGroups/staging_Rg/providers/Microsoft.Network/loadBalancers/staging_lb/loadBalancingRules/http-inbound"
            ],
            "loadbalancer_id": "/subscriptions/d142c4c7-733e-4ee6-9bb4-bcbe829e13c2/resourceGroups/staging_Rg/providers/Microsoft.Network/loadBalancers/staging_lb",
            "name": "BackEnd_Pool_name",
            "outbound_rules": [],
            "synchronous_mode": "",
            "timeouts": null,
            "tunnel_interface": [],
            "virtual_network_id": ""
          },
          "sensitive_attributes": [],
          "private": "eyJlMmJmYjczMC1lY2FhLTExZTYtOGY4OC0zNDM2M2JjN2M0YzAiOnsiY3JlYXRlIjoxODAwMDAwMDAwMDAwLCJkZWxldGUiOjE4MDAwMDAwMDAwMDAsInJlYWQiOjMwMDAwMDAwMDAwMCwidXBkYXRlIjoxODAwMDAwMDAwMDAwfX0=",
          "dependencies": [
            "azurerm_lb.staging_lb",
            "azurerm_public_ip.staging_lb_pubip",
            "azurerm_resource_group.staging_rg"
          ]
        }
      ]
    },
    {
      "mode": "managed",
      "type": "azurerm_lb_backend_address_pool_address",
      "name": "staging_lb_backend_address_pool_address",
      "provider": "provider[\"registry.terraform.io/hashicorp/azurerm\"]",
      "instances": [
        {
          "index_key": 0,
          "schema_version": 0,
          "attributes": {
            "backend_address_ip_configuration_id": "",
            "backend_address_pool_id": "/subscriptions/d142c4c7-733e-4ee6-9bb4-bcbe829e13c2/resourceGroups/staging_Rg/providers/Microsoft.Network/loadBalancers/staging_lb/backendAddressPools/BackEnd_Pool_name",
            "id": "/subscriptions/d142c4c7-733e-4ee6-9bb4-bcbe829e13c2/resourceGroups/staging_Rg/providers/Microsoft.Network/loadBalancers/staging_lb/backendAddressPools/BackEnd_Pool_name/addresses/staging_nic_1",
            "inbound_nat_rule_port_mapping": [],
            "ip_address": "10.0.1.5",
            "name": "staging_nic_1",
            "timeouts": null,
            "virtual_network_id": "/subscriptions/d142c4c7-733e-4ee6-9bb4-bcbe829e13c2/resourceGroups/staging_Rg/providers/Microsoft.Network/virtualNetworks/staging_vnet"
          },
          "sensitive_attributes": [],
          "private": "eyJlMmJmYjczMC1lY2FhLTExZTYtOGY4OC0zNDM2M2JjN2M0YzAiOnsiY3JlYXRlIjoxODAwMDAwMDAwMDAwLCJkZWxldGUiOjE4MDAwMDAwMDAwMDAsInJlYWQiOjMwMDAwMDAwMDAwMCwidXBkYXRlIjoxODAwMDAwMDAwMDAwfX0=",
          "dependencies": [
            "azurerm_lb.staging_lb",
            "azurerm_lb_backend_address_pool.staging_lb_backend_address_pool",
            "azurerm_network_interface.staging_nic",
            "azurerm_public_ip.staging_lb_pubip",
            "azurerm_resource_group.staging_rg",
            "azurerm_subnet.staging_subnet",
            "azurerm_virtual_network.staging_vnet"
          ]
        },
        {
          "index_key": 1,
          "schema_version": 0,
          "attributes": {
            "backend_address_ip_configuration_id": "",
            "backend_address_pool_id": "/subscriptions/d142c4c7-733e-4ee6-9bb4-bcbe829e13c2/resourceGroups/staging_Rg/providers/Microsoft.Network/loadBalancers/staging_lb/backendAddressPools/BackEnd_Pool_name",
            "id": "/subscriptions/d142c4c7-733e-4ee6-9bb4-bcbe829e13c2/resourceGroups/staging_Rg/providers/Microsoft.Network/loadBalancers/staging_lb/backendAddressPools/BackEnd_Pool_name/addresses/staging_nic_2",
            "inbound_nat_rule_port_mapping": [],
            "ip_address": "10.0.1.4",
            "name": "staging_nic_2",
            "timeouts": null,
            "virtual_network_id": "/subscriptions/d142c4c7-733e-4ee6-9bb4-bcbe829e13c2/resourceGroups/staging_Rg/providers/Microsoft.Network/virtualNetworks/staging_vnet"
          },
          "sensitive_attributes": [],
          "private": "eyJlMmJmYjczMC1lY2FhLTExZTYtOGY4OC0zNDM2M2JjN2M0YzAiOnsiY3JlYXRlIjoxODAwMDAwMDAwMDAwLCJkZWxldGUiOjE4MDAwMDAwMDAwMDAsInJlYWQiOjMwMDAwMDAwMDAwMCwidXBkYXRlIjoxODAwMDAwMDAwMDAwfX0=",
          "dependencies": [
            "azurerm_lb.staging_lb",
            "azurerm_lb_backend_address_pool.staging_lb_backend_address_pool",
            "azurerm_network_interface.staging_nic",
            "azurerm_public_ip.staging_lb_pubip",
            "azurerm_resource_group.staging_rg",
            "azurerm_subnet.staging_subnet",
            "azurerm_virtual_network.staging_vnet"
          ]
        }
      ]
    },
    {
      "mode": "managed",
      "type": "azurerm_lb_probe",
      "name": "http_heath_probe",
      "provider": "provider[\"registry.terraform.io/hashicorp/azurerm\"]",
      "instances": [
        {
          "schema_version": 0,
          "attributes": {
            "id": "/subscriptions/d142c4c7-733e-4ee6-9bb4-bcbe829e13c2/resourceGroups/staging_Rg/providers/Microsoft.Network/loadBalancers/staging_lb/probes/http-probe",
            "interval_in_seconds": 15,
            "load_balancer_rules": [
              "/subscriptions/d142c4c7-733e-4ee6-9bb4-bcbe829e13c2/resourceGroups/staging_Rg/providers/Microsoft.Network/loadBalancers/staging_lb/loadBalancingRules/http-inbound"
            ],
            "loadbalancer_id": "/subscriptions/d142c4c7-733e-4ee6-9bb4-bcbe829e13c2/resourceGroups/staging_Rg/providers/Microsoft.Network/loadBalancers/staging_lb",
            "name": "http-probe",
            "number_of_probes": 2,
            "port": 80,
            "probe_threshold": 1,
            "protocol": "Tcp",
            "request_path": "",
            "timeouts": null
          },
          "sensitive_attributes": [],
          "private": "eyJlMmJmYjczMC1lY2FhLTExZTYtOGY4OC0zNDM2M2JjN2M0YzAiOnsiY3JlYXRlIjoxODAwMDAwMDAwMDAwLCJkZWxldGUiOjE4MDAwMDAwMDAwMDAsInJlYWQiOjMwMDAwMDAwMDAwMCwidXBkYXRlIjoxODAwMDAwMDAwMDAwfX0=",
          "dependencies": [
            "azurerm_lb.staging_lb",
            "azurerm_public_ip.staging_lb_pubip",
            "azurerm_resource_group.staging_rg"
          ]
        }
      ]
    },
    {
      "mode": "managed",
      "type": "azurerm_lb_rule",
      "name": "lb_rule1",
      "provider": "provider[\"registry.terraform.io/hashicorp/azurerm\"]",
      "instances": [
        {
          "schema_version": 0,
          "attributes": {
            "backend_address_pool_ids": [
              "/subscriptions/d142c4c7-733e-4ee6-9bb4-bcbe829e13c2/resourceGroups/staging_Rg/providers/Microsoft.Network/loadBalancers/staging_lb/backendAddressPools/BackEnd_Pool_name"
            ],
            "backend_port": 80,
            "disable_outbound_snat": false,
            "enable_floating_ip": false,
            "enable_tcp_reset": false,
            "frontend_ip_configuration_id": "/subscriptions/d142c4c7-733e-4ee6-9bb4-bcbe829e13c2/resourceGroups/staging_Rg/providers/Microsoft.Network/loadBalancers/staging_lb/frontendIPConfigurations/PublicIPAddress",
            "frontend_ip_configuration_name": "PublicIPAddress",
            "frontend_port": 80,
            "id": "/subscriptions/d142c4c7-733e-4ee6-9bb4-bcbe829e13c2/resourceGroups/staging_Rg/providers/Microsoft.Network/loadBalancers/staging_lb/loadBalancingRules/http-inbound",
            "idle_timeout_in_minutes": 4,
            "load_distribution": "Default",
            "loadbalancer_id": "/subscriptions/d142c4c7-733e-4ee6-9bb4-bcbe829e13c2/resourceGroups/staging_Rg/providers/Microsoft.Network/loadBalancers/staging_lb",
            "name": "http-inbound",
            "probe_id": "/subscriptions/d142c4c7-733e-4ee6-9bb4-bcbe829e13c2/resourceGroups/staging_Rg/providers/Microsoft.Network/loadBalancers/staging_lb/probes/http-probe",
            "protocol": "Tcp",
            "timeouts": null
          },
          "sensitive_attributes": [],
          "private": "eyJlMmJmYjczMC1lY2FhLTExZTYtOGY4OC0zNDM2M2JjN2M0YzAiOnsiY3JlYXRlIjoxODAwMDAwMDAwMDAwLCJkZWxldGUiOjE4MDAwMDAwMDAwMDAsInJlYWQiOjMwMDAwMDAwMDAwMCwidXBkYXRlIjoxODAwMDAwMDAwMDAwfX0=",
          "dependencies": [
            "azurerm_lb.staging_lb",
            "azurerm_lb_backend_address_pool.staging_lb_backend_address_pool",
            "azurerm_lb_probe.http_heath_probe",
            "azurerm_public_ip.staging_lb_pubip",
            "azurerm_resource_group.staging_rg"
          ]
        }
      ]
    },
    {
      "mode": "managed",
      "type": "azurerm_linux_virtual_machine",
      "name": "staging_vm",
      "provider": "provider[\"registry.terraform.io/hashicorp/azurerm\"]",
      "instances": [
        {
          "index_key": 0,
          "schema_version": 0,
          "attributes": {
            "additional_capabilities": [],
            "admin_password": null,
            "admin_ssh_key": [
              {
                "public_key": "ssh-rsa AAAAB3NzaC1yc2EAAAADAQABAAABgQC80TYRJhe3O+d/zPzHr4TF+/4xVxGu/nmdg7HhsDf9H7oDBWekH1QR+dALcvNHKz9YR94hVZ19PHr5wIRzsmkIs+DCE1QtPomc8VMQSAzBob3Wc5FqxCOVfw+xH+84VnlX9KF/5YV6ppD8sJe+WIAouWfXwlhk9FaJWD+wktZxAZj++UuL0C+rLT4oH6Vb39aJD2CDSbvC66GU8M3xirJgvN1WzWp+e0JWQi9Oywojz7n5f4vGyF1NwsmptwiPh+Yx6MSlbcQn134C1jC0D47gjWVLHZWAITz0kLuRu/ChgZHK7t0wzL47xG+NcRr2xxV4QkZDAasiNCDWMupQbU1PBObiljQ6JZmynDMw654d7M7duSGCp2txL2ZEsB3uDrwnB+4yMxxwr+b85nW+l5OIrgNoIT4Fpr8w+hwFUHDGoeSQO0FD18+vC3jxs+Tj/eZkBuodwSSH8s5+zUuRfhSBidaBgnmX0hsEtJos8MIyxY7yNkmftG9czXxdvPHK4ak= kali@kali\n",
                "username": "kaliadmin"
              }
            ],
            "admin_username": "kaliadmin",
            "allow_extension_operations": true,
            "availability_set_id": "",
            "boot_diagnostics": [],
            "bypass_platform_safety_checks_on_user_schedule_enabled": false,
            "capacity_reservation_group_id": "",
            "computer_name": "stagingvm1",
            "custom_data": "IyEvYmluL2Jhc2gKCiMgVXBkYXRlIHBhY2thZ2UgcmVwb3NpdG9yeQplY2hvICJVcGRhdGluZyBwYWNrYWdlIHJlcG9zaXRvcnkuLi4iCnN1ZG8gYXB0IHVwZGF0ZSAteQoKIyBJbnN0YWxsIEFwYWNoZTIKZWNobyAiSW5zdGFsbGluZyBBcGFjaGUyLi4uIgpzdWRvIGFwdCBpbnN0YWxsIGFwYWNoZTIgLXkKCiMgRW5zdXJlIEFwYWNoZTIgc2VydmljZSBpcyBlbmFibGVkIGFuZCBzdGFydGVkCmVjaG8gIlN0YXJ0aW5nIEFwYWNoZTIgc2VydmljZS4uLiIKc3VkbyBzeXN0ZW1jdGwgZW5hYmxlIGFwYWNoZTIKc3VkbyBzeXN0ZW1jdGwgc3RhcnQgYXBhY2hlMgoKIyBDaGVjayBpZiB0aGUgc2VydmljZSBpcyBydW5uaW5nCmVjaG8gIkNoZWNraW5nIEFwYWNoZTIgc2VydmljZSBzdGF0dXMuLi4iCnN1ZG8gc3lzdGVtY3RsIHN0YXR1cyBhcGFjaGUyCgojJFZNID0ke3ZtbmFtZX0KIyBDcmVhdGUgYSBiYXNpYyBpbmRleC5odG1sIGZpbGUKZWNobyAiQ3JlYXRpbmcgYSBiYXNpYyBpbmRleC5odG1sLi4uIgplY2hvICI8aHRtbD4KPGhlYWQ+PHRpdGxlPldlbGNvbWUgdG8gQXBhY2hlITwvdGl0bGU+PC9oZWFkPgo8Ym9keT4KPGgxPldlbGNvbWUgdG8gR2FuZXNoJ3MgV2ViIFNlcnZlci4gVGhpcyBpcyBydW5uaW5nIG9uICQoaG9zdG5hbWUpIDwvaDE+CjwvYm9keT4KPC9odG1sPiIgfCBzdWRvIHRlZSAvdmFyL3d3dy9odG1sL2luZGV4Lmh0bWwgPiAvZGV2L251bGwKCiMgQWxsb3cgQXBhY2hlIHRocm91Z2ggdGhlIGZpcmV3YWxsIChpZiBVRlcgaXMgZW5hYmxlZCkKZWNobyAiQ29uZmlndXJpbmcgVUZXIHRvIGFsbG93IEFwYWNoZSB0cmFmZmljLi4uIgpzdWRvIHVmdyBhbGxvdyAnQXBhY2hlIEZ1bGwnCgojIFJlc3RhcnQgQXBhY2hlMiB0byBlbnN1cmUgYWxsIHNldHRpbmdzIGFyZSBhcHBsaWVkCmVjaG8gIlJlc3RhcnRpbmcgQXBhY2hlMiBzZXJ2aWNlLi4uIgpzdWRvIHN5c3RlbWN0bCByZXN0YXJ0IGFwYWNoZTIKCg==",
            "dedicated_host_group_id": "",
            "dedicated_host_id": "",
            "disable_password_authentication": true,
            "disk_controller_type": "",
            "edge_zone": "",
            "encryption_at_host_enabled": false,
            "eviction_policy": "",
            "extensions_time_budget": "PT1H30M",
            "gallery_application": [],
            "id": "/subscriptions/d142c4c7-733e-4ee6-9bb4-bcbe829e13c2/resourceGroups/staging_Rg/providers/Microsoft.Compute/virtualMachines/stagingvm1",
            "identity": [],
            "license_type": "",
            "location": "eastus",
            "max_bid_price": -1,
            "name": "stagingvm1",
            "network_interface_ids": [
              "/subscriptions/d142c4c7-733e-4ee6-9bb4-bcbe829e13c2/resourceGroups/staging_Rg/providers/Microsoft.Network/networkInterfaces/staging_nic_1"
            ],
            "os_disk": [
              {
                "caching": "ReadWrite",
                "diff_disk_settings": [],
                "disk_encryption_set_id": "",
                "disk_size_gb": 30,
                "name": "stagingvm1_disk1_484ff1aedbf849a4b6ac24181d0a0180",
                "secure_vm_disk_encryption_set_id": "",
                "security_encryption_type": "",
                "storage_account_type": "Standard_LRS",
                "write_accelerator_enabled": false
              }
            ],
            "os_image_notification": [],
            "patch_assessment_mode": "ImageDefault",
            "patch_mode": "ImageDefault",
            "plan": [],
            "platform_fault_domain": -1,
            "priority": "Regular",
            "private_ip_address": "10.0.1.5",
            "private_ip_addresses": [
              "10.0.1.5"
            ],
            "provision_vm_agent": true,
            "proximity_placement_group_id": "",
            "public_ip_address": "",
            "public_ip_addresses": [],
            "reboot_setting": "",
            "resource_group_name": "staging_Rg",
            "secret": [],
            "secure_boot_enabled": false,
            "size": "Standard_B1s",
            "source_image_id": "",
            "source_image_reference": [
              {
                "offer": "0001-com-ubuntu-server-jammy",
                "publisher": "Canonical",
                "sku": "22_04-lts",
                "version": "latest"
              }
            ],
            "tags": {},
            "termination_notification": [],
            "timeouts": null,
            "user_data": "",
            "virtual_machine_id": "f7a2698b-d91d-4d7b-b5ee-3fc95943c698",
            "virtual_machine_scale_set_id": "",
            "vm_agent_platform_updates_enabled": false,
            "vtpm_enabled": false,
            "zone": ""
          },
          "sensitive_attributes": [],
          "private": "eyJlMmJmYjczMC1lY2FhLTExZTYtOGY4OC0zNDM2M2JjN2M0YzAiOnsiY3JlYXRlIjoyNzAwMDAwMDAwMDAwLCJkZWxldGUiOjI3MDAwMDAwMDAwMDAsInJlYWQiOjMwMDAwMDAwMDAwMCwidXBkYXRlIjoyNzAwMDAwMDAwMDAwfX0=",
          "dependencies": [
            "azurerm_network_interface.staging_nic",
            "azurerm_resource_group.staging_rg",
            "azurerm_subnet.staging_subnet",
            "azurerm_virtual_network.staging_vnet"
          ]
        },
        {
          "index_key": 1,
          "schema_version": 0,
          "attributes": {
            "additional_capabilities": [],
            "admin_password": null,
            "admin_ssh_key": [
              {
                "public_key": "ssh-rsa AAAAB3NzaC1yc2EAAAADAQABAAABgQC80TYRJhe3O+d/zPzHr4TF+/4xVxGu/nmdg7HhsDf9H7oDBWekH1QR+dALcvNHKz9YR94hVZ19PHr5wIRzsmkIs+DCE1QtPomc8VMQSAzBob3Wc5FqxCOVfw+xH+84VnlX9KF/5YV6ppD8sJe+WIAouWfXwlhk9FaJWD+wktZxAZj++UuL0C+rLT4oH6Vb39aJD2CDSbvC66GU8M3xirJgvN1WzWp+e0JWQi9Oywojz7n5f4vGyF1NwsmptwiPh+Yx6MSlbcQn134C1jC0D47gjWVLHZWAITz0kLuRu/ChgZHK7t0wzL47xG+NcRr2xxV4QkZDAasiNCDWMupQbU1PBObiljQ6JZmynDMw654d7M7duSGCp2txL2ZEsB3uDrwnB+4yMxxwr+b85nW+l5OIrgNoIT4Fpr8w+hwFUHDGoeSQO0FD18+vC3jxs+Tj/eZkBuodwSSH8s5+zUuRfhSBidaBgnmX0hsEtJos8MIyxY7yNkmftG9czXxdvPHK4ak= kali@kali\n",
                "username": "kaliadmin"
              }
            ],
            "admin_username": "kaliadmin",
            "allow_extension_operations": true,
            "availability_set_id": "",
            "boot_diagnostics": [],
            "bypass_platform_safety_checks_on_user_schedule_enabled": false,
            "capacity_reservation_group_id": "",
            "computer_name": "stagingvm2",
            "custom_data": "IyEvYmluL2Jhc2gKCiMgVXBkYXRlIHBhY2thZ2UgcmVwb3NpdG9yeQplY2hvICJVcGRhdGluZyBwYWNrYWdlIHJlcG9zaXRvcnkuLi4iCnN1ZG8gYXB0IHVwZGF0ZSAteQoKIyBJbnN0YWxsIEFwYWNoZTIKZWNobyAiSW5zdGFsbGluZyBBcGFjaGUyLi4uIgpzdWRvIGFwdCBpbnN0YWxsIGFwYWNoZTIgLXkKCiMgRW5zdXJlIEFwYWNoZTIgc2VydmljZSBpcyBlbmFibGVkIGFuZCBzdGFydGVkCmVjaG8gIlN0YXJ0aW5nIEFwYWNoZTIgc2VydmljZS4uLiIKc3VkbyBzeXN0ZW1jdGwgZW5hYmxlIGFwYWNoZTIKc3VkbyBzeXN0ZW1jdGwgc3RhcnQgYXBhY2hlMgoKIyBDaGVjayBpZiB0aGUgc2VydmljZSBpcyBydW5uaW5nCmVjaG8gIkNoZWNraW5nIEFwYWNoZTIgc2VydmljZSBzdGF0dXMuLi4iCnN1ZG8gc3lzdGVtY3RsIHN0YXR1cyBhcGFjaGUyCgojJFZNID0ke3ZtbmFtZX0KIyBDcmVhdGUgYSBiYXNpYyBpbmRleC5odG1sIGZpbGUKZWNobyAiQ3JlYXRpbmcgYSBiYXNpYyBpbmRleC5odG1sLi4uIgplY2hvICI8aHRtbD4KPGhlYWQ+PHRpdGxlPldlbGNvbWUgdG8gQXBhY2hlITwvdGl0bGU+PC9oZWFkPgo8Ym9keT4KPGgxPldlbGNvbWUgdG8gR2FuZXNoJ3MgV2ViIFNlcnZlci4gVGhpcyBpcyBydW5uaW5nIG9uICQoaG9zdG5hbWUpIDwvaDE+CjwvYm9keT4KPC9odG1sPiIgfCBzdWRvIHRlZSAvdmFyL3d3dy9odG1sL2luZGV4Lmh0bWwgPiAvZGV2L251bGwKCiMgQWxsb3cgQXBhY2hlIHRocm91Z2ggdGhlIGZpcmV3YWxsIChpZiBVRlcgaXMgZW5hYmxlZCkKZWNobyAiQ29uZmlndXJpbmcgVUZXIHRvIGFsbG93IEFwYWNoZSB0cmFmZmljLi4uIgpzdWRvIHVmdyBhbGxvdyAnQXBhY2hlIEZ1bGwnCgojIFJlc3RhcnQgQXBhY2hlMiB0byBlbnN1cmUgYWxsIHNldHRpbmdzIGFyZSBhcHBsaWVkCmVjaG8gIlJlc3RhcnRpbmcgQXBhY2hlMiBzZXJ2aWNlLi4uIgpzdWRvIHN5c3RlbWN0bCByZXN0YXJ0IGFwYWNoZTIKCg==",
            "dedicated_host_group_id": "",
            "dedicated_host_id": "",
            "disable_password_authentication": true,
            "disk_controller_type": "",
            "edge_zone": "",
            "encryption_at_host_enabled": false,
            "eviction_policy": "",
            "extensions_time_budget": "PT1H30M",
            "gallery_application": [],
            "id": "/subscriptions/d142c4c7-733e-4ee6-9bb4-bcbe829e13c2/resourceGroups/staging_Rg/providers/Microsoft.Compute/virtualMachines/stagingvm2",
            "identity": [],
            "license_type": "",
            "location": "eastus",
            "max_bid_price": -1,
            "name": "stagingvm2",
            "network_interface_ids": [
              "/subscriptions/d142c4c7-733e-4ee6-9bb4-bcbe829e13c2/resourceGroups/staging_Rg/providers/Microsoft.Network/networkInterfaces/staging_nic_2"
            ],
            "os_disk": [
              {
                "caching": "ReadWrite",
                "diff_disk_settings": [],
                "disk_encryption_set_id": "",
                "disk_size_gb": 30,
                "name": "stagingvm2_OsDisk_1_f8cd926f2f1242ba8391837d07496288",
                "secure_vm_disk_encryption_set_id": "",
                "security_encryption_type": "",
                "storage_account_type": "Standard_LRS",
                "write_accelerator_enabled": false
              }
            ],
            "os_image_notification": [],
            "patch_assessment_mode": "ImageDefault",
            "patch_mode": "ImageDefault",
            "plan": [],
            "platform_fault_domain": -1,
            "priority": "Regular",
            "private_ip_address": "10.0.1.4",
            "private_ip_addresses": [
              "10.0.1.4"
            ],
            "provision_vm_agent": true,
            "proximity_placement_group_id": "",
            "public_ip_address": "",
            "public_ip_addresses": [],
            "reboot_setting": "",
            "resource_group_name": "staging_Rg",
            "secret": [],
            "secure_boot_enabled": false,
            "size": "Standard_B1s",
            "source_image_id": "",
            "source_image_reference": [
              {
                "offer": "0001-com-ubuntu-server-jammy",
                "publisher": "Canonical",
                "sku": "22_04-lts",
                "version": "latest"
              }
            ],
            "tags": {},
            "termination_notification": [],
            "timeouts": null,
            "user_data": "",
            "virtual_machine_id": "65e35a33-0d12-4657-9ab9-30e850bba63b",
            "virtual_machine_scale_set_id": "",
            "vm_agent_platform_updates_enabled": false,
            "vtpm_enabled": false,
            "zone": ""
          },
          "sensitive_attributes": [],
          "private": "eyJlMmJmYjczMC1lY2FhLTExZTYtOGY4OC0zNDM2M2JjN2M0YzAiOnsiY3JlYXRlIjoyNzAwMDAwMDAwMDAwLCJkZWxldGUiOjI3MDAwMDAwMDAwMDAsInJlYWQiOjMwMDAwMDAwMDAwMCwidXBkYXRlIjoyNzAwMDAwMDAwMDAwfX0=",
          "dependencies": [
            "azurerm_network_interface.staging_nic",
            "azurerm_resource_group.staging_rg",
            "azurerm_subnet.staging_subnet",
            "azurerm_virtual_network.staging_vnet"
          ]
        }
      ]
    },
    {
      "mode": "managed",
      "type": "azurerm_network_interface",
      "name": "staging_nic",
      "provider": "provider[\"registry.terraform.io/hashicorp/azurerm\"]",
      "instances": [
        {
          "index_key": 0,
          "schema_version": 0,
          "attributes": {
            "accelerated_networking_enabled": false,
            "applied_dns_servers": [],
            "auxiliary_mode": "",
            "auxiliary_sku": "",
            "dns_servers": [],
            "edge_zone": "",
            "id": "/subscriptions/d142c4c7-733e-4ee6-9bb4-bcbe829e13c2/resourceGroups/staging_Rg/providers/Microsoft.Network/networkInterfaces/staging_nic_1",
            "internal_dns_name_label": "",
            "internal_domain_name_suffix": "5jcy5yr31edetexaiemii1qdxc.bx.internal.cloudapp.net",
            "ip_configuration": [
              {
                "gateway_load_balancer_frontend_ip_configuration_id": "",
                "name": "nic_config_1",
                "primary": true,
                "private_ip_address": "10.0.1.5",
                "private_ip_address_allocation": "Dynamic",
                "private_ip_address_version": "IPv4",
                "public_ip_address_id": "",
                "subnet_id": "/subscriptions/d142c4c7-733e-4ee6-9bb4-bcbe829e13c2/resourceGroups/staging_Rg/providers/Microsoft.Network/virtualNetworks/staging_vnet/subnets/staging_subnet"
              }
            ],
            "ip_forwarding_enabled": false,
            "location": "eastus",
            "mac_address": "00-0D-3A-8E-07-05",
            "name": "staging_nic_1",
            "private_ip_address": "10.0.1.5",
            "private_ip_addresses": [
              "10.0.1.5"
            ],
            "resource_group_name": "staging_Rg",
            "tags": {},
            "timeouts": null,
            "virtual_machine_id": "/subscriptions/d142c4c7-733e-4ee6-9bb4-bcbe829e13c2/resourceGroups/staging_Rg/providers/Microsoft.Compute/virtualMachines/stagingvm1"
          },
          "sensitive_attributes": [],
          "private": "eyJlMmJmYjczMC1lY2FhLTExZTYtOGY4OC0zNDM2M2JjN2M0YzAiOnsiY3JlYXRlIjoxODAwMDAwMDAwMDAwLCJkZWxldGUiOjE4MDAwMDAwMDAwMDAsInJlYWQiOjMwMDAwMDAwMDAwMCwidXBkYXRlIjoxODAwMDAwMDAwMDAwfX0=",
          "dependencies": [
            "azurerm_resource_group.staging_rg",
            "azurerm_subnet.staging_subnet",
            "azurerm_virtual_network.staging_vnet"
          ]
        },
        {
          "index_key": 1,
          "schema_version": 0,
          "attributes": {
            "accelerated_networking_enabled": false,
            "applied_dns_servers": [],
            "auxiliary_mode": "",
            "auxiliary_sku": "",
            "dns_servers": [],
            "edge_zone": "",
            "id": "/subscriptions/d142c4c7-733e-4ee6-9bb4-bcbe829e13c2/resourceGroups/staging_Rg/providers/Microsoft.Network/networkInterfaces/staging_nic_2",
            "internal_dns_name_label": "",
            "internal_domain_name_suffix": "5jcy5yr31edetexaiemii1qdxc.bx.internal.cloudapp.net",
            "ip_configuration": [
              {
                "gateway_load_balancer_frontend_ip_configuration_id": "",
                "name": "nic_config_2",
                "primary": true,
                "private_ip_address": "10.0.1.4",
                "private_ip_address_allocation": "Dynamic",
                "private_ip_address_version": "IPv4",
                "public_ip_address_id": "",
                "subnet_id": "/subscriptions/d142c4c7-733e-4ee6-9bb4-bcbe829e13c2/resourceGroups/staging_Rg/providers/Microsoft.Network/virtualNetworks/staging_vnet/subnets/staging_subnet"
              }
            ],
            "ip_forwarding_enabled": false,
            "location": "eastus",
            "mac_address": "7C-1E-52-0A-F4-BA",
            "name": "staging_nic_2",
            "private_ip_address": "10.0.1.4",
            "private_ip_addresses": [
              "10.0.1.4"
            ],
            "resource_group_name": "staging_Rg",
            "tags": {},
            "timeouts": null,
            "virtual_machine_id": "/subscriptions/d142c4c7-733e-4ee6-9bb4-bcbe829e13c2/resourceGroups/staging_Rg/providers/Microsoft.Compute/virtualMachines/stagingvm2"
          },
          "sensitive_attributes": [],
          "private": "eyJlMmJmYjczMC1lY2FhLTExZTYtOGY4OC0zNDM2M2JjN2M0YzAiOnsiY3JlYXRlIjoxODAwMDAwMDAwMDAwLCJkZWxldGUiOjE4MDAwMDAwMDAwMDAsInJlYWQiOjMwMDAwMDAwMDAwMCwidXBkYXRlIjoxODAwMDAwMDAwMDAwfX0=",
          "dependencies": [
            "azurerm_resource_group.staging_rg",
            "azurerm_subnet.staging_subnet",
            "azurerm_virtual_network.staging_vnet"
          ]
        }
      ]
    },
    {
      "mode": "managed",
      "type": "azurerm_network_interface_security_group_association",
      "name": "nic_nsg_association",
      "provider": "provider[\"registry.terraform.io/hashicorp/azurerm\"]",
      "instances": [
        {
          "index_key": 0,
          "schema_version": 0,
          "attributes": {
            "id": "/subscriptions/d142c4c7-733e-4ee6-9bb4-bcbe829e13c2/resourceGroups/staging_Rg/providers/Microsoft.Network/networkInterfaces/staging_nic_1|/subscriptions/d142c4c7-733e-4ee6-9bb4-bcbe829e13c2/resourceGroups/staging_Rg/providers/Microsoft.Network/networkSecurityGroups/staging_nsg",
            "network_interface_id": "/subscriptions/d142c4c7-733e-4ee6-9bb4-bcbe829e13c2/resourceGroups/staging_Rg/providers/Microsoft.Network/networkInterfaces/staging_nic_1",
            "network_security_group_id": "/subscriptions/d142c4c7-733e-4ee6-9bb4-bcbe829e13c2/resourceGroups/staging_Rg/providers/Microsoft.Network/networkSecurityGroups/staging_nsg",
            "timeouts": null
          },
          "sensitive_attributes": [],
          "private": "eyJlMmJmYjczMC1lY2FhLTExZTYtOGY4OC0zNDM2M2JjN2M0YzAiOnsiY3JlYXRlIjoxODAwMDAwMDAwMDAwLCJkZWxldGUiOjE4MDAwMDAwMDAwMDAsInJlYWQiOjMwMDAwMDAwMDAwMH19",
          "dependencies": [
            "azurerm_network_interface.staging_nic",
            "azurerm_network_security_group.staging_nsg",
            "azurerm_resource_group.staging_rg",
            "azurerm_subnet.staging_subnet",
            "azurerm_virtual_network.staging_vnet"
          ]
        },
        {
          "index_key": 1,
          "schema_version": 0,
          "attributes": {
            "id": "/subscriptions/d142c4c7-733e-4ee6-9bb4-bcbe829e13c2/resourceGroups/staging_Rg/providers/Microsoft.Network/networkInterfaces/staging_nic_2|/subscriptions/d142c4c7-733e-4ee6-9bb4-bcbe829e13c2/resourceGroups/staging_Rg/providers/Microsoft.Network/networkSecurityGroups/staging_nsg",
            "network_interface_id": "/subscriptions/d142c4c7-733e-4ee6-9bb4-bcbe829e13c2/resourceGroups/staging_Rg/providers/Microsoft.Network/networkInterfaces/staging_nic_2",
            "network_security_group_id": "/subscriptions/d142c4c7-733e-4ee6-9bb4-bcbe829e13c2/resourceGroups/staging_Rg/providers/Microsoft.Network/networkSecurityGroups/staging_nsg",
            "timeouts": null
          },
          "sensitive_attributes": [],
          "private": "eyJlMmJmYjczMC1lY2FhLTExZTYtOGY4OC0zNDM2M2JjN2M0YzAiOnsiY3JlYXRlIjoxODAwMDAwMDAwMDAwLCJkZWxldGUiOjE4MDAwMDAwMDAwMDAsInJlYWQiOjMwMDAwMDAwMDAwMH19",
          "dependencies": [
            "azurerm_network_interface.staging_nic",
            "azurerm_network_security_group.staging_nsg",
            "azurerm_resource_group.staging_rg",
            "azurerm_subnet.staging_subnet",
            "azurerm_virtual_network.staging_vnet"
          ]
        }
      ]
    },
    {
      "mode": "managed",
      "type": "azurerm_network_security_group",
      "name": "staging_nsg",
      "provider": "provider[\"registry.terraform.io/hashicorp/azurerm\"]",
      "instances": [
        {
          "schema_version": 0,
          "attributes": {
            "id": "/subscriptions/d142c4c7-733e-4ee6-9bb4-bcbe829e13c2/resourceGroups/staging_Rg/providers/Microsoft.Network/networkSecurityGroups/staging_nsg",
            "location": "eastus",
            "name": "staging_nsg",
            "resource_group_name": "staging_Rg",
            "security_rule": [
              {
                "access": "Allow",
                "description": null,
                "destination_address_prefix": "*",
                "destination_address_prefixes": [],
                "destination_application_security_group_ids": [],
                "destination_port_range": "80",
                "destination_port_ranges": [],
                "direction": "Inbound",
                "name": "http-Inbound",
                "priority": 100,
                "protocol": "Tcp",
                "source_address_prefix": "*",
                "source_address_prefixes": [],
                "source_application_security_group_ids": [],
                "source_port_range": "80",
                "source_port_ranges": []
              },
              {
                "access": "Allow",
                "description": null,
                "destination_address_prefix": "*",
                "destination_address_prefixes": [],
                "destination_application_security_group_ids": [],
                "destination_port_range": "80",
                "destination_port_ranges": [],
                "direction": "Outbound",
                "name": "http-Outbound",
                "priority": 110,
                "protocol": "Tcp",
                "source_address_prefix": "*",
                "source_address_prefixes": [],
                "source_application_security_group_ids": [],
                "source_port_range": "80",
                "source_port_ranges": []
              }
            ],
            "tags": {},
            "timeouts": null
          },
          "sensitive_attributes": [],
          "private": "eyJlMmJmYjczMC1lY2FhLTExZTYtOGY4OC0zNDM2M2JjN2M0YzAiOnsiY3JlYXRlIjoxODAwMDAwMDAwMDAwLCJkZWxldGUiOjE4MDAwMDAwMDAwMDAsInJlYWQiOjMwMDAwMDAwMDAwMCwidXBkYXRlIjoxODAwMDAwMDAwMDAwfX0=",
          "dependencies": [
            "azurerm_resource_group.staging_rg"
          ]
        }
      ]
    },
    {
      "mode": "managed",
      "type": "azurerm_public_ip",
      "name": "staging_lb_pubip",
      "provider": "provider[\"registry.terraform.io/hashicorp/azurerm\"]",
      "instances": [
        {
          "schema_version": 0,
          "attributes": {
            "allocation_method": "Static",
            "ddos_protection_mode": "VirtualNetworkInherited",
            "ddos_protection_plan_id": null,
            "domain_name_label": null,
            "domain_name_label_scope": null,
            "edge_zone": "",
            "fqdn": null,
            "id": "/subscriptions/d142c4c7-733e-4ee6-9bb4-bcbe829e13c2/resourceGroups/staging_Rg/providers/Microsoft.Network/publicIPAddresses/staging_lb_pubip",
            "idle_timeout_in_minutes": 4,
            "ip_address": "172.172.168.198",
            "ip_tags": {},
            "ip_version": "IPv4",
            "location": "eastus",
            "name": "staging_lb_pubip",
            "public_ip_prefix_id": null,
            "resource_group_name": "staging_Rg",
            "reverse_fqdn": null,
            "sku": "Standard",
            "sku_tier": "Regional",
            "tags": {},
            "timeouts": null,
            "zones": []
          },
          "sensitive_attributes": [],
          "private": "eyJlMmJmYjczMC1lY2FhLTExZTYtOGY4OC0zNDM2M2JjN2M0YzAiOnsiY3JlYXRlIjoxODAwMDAwMDAwMDAwLCJkZWxldGUiOjE4MDAwMDAwMDAwMDAsInJlYWQiOjMwMDAwMDAwMDAwMCwidXBkYXRlIjoxODAwMDAwMDAwMDAwfX0=",
          "dependencies": [
            "azurerm_resource_group.staging_rg"
          ]
        }
      ]
    },
    {
      "mode": "managed",
      "type": "azurerm_resource_group",
      "name": "staging_rg",
      "provider": "provider[\"registry.terraform.io/hashicorp/azurerm\"]",
      "instances": [
        {
          "schema_version": 0,
          "attributes": {
            "id": "/subscriptions/d142c4c7-733e-4ee6-9bb4-bcbe829e13c2/resourceGroups/staging_Rg",
            "location": "eastus",
            "managed_by": "",
            "name": "staging_Rg",
            "tags": {},
            "timeouts": null
          },
          "sensitive_attributes": [],
          "private": "eyJlMmJmYjczMC1lY2FhLTExZTYtOGY4OC0zNDM2M2JjN2M0YzAiOnsiY3JlYXRlIjo1NDAwMDAwMDAwMDAwLCJkZWxldGUiOjU0MDAwMDAwMDAwMDAsInJlYWQiOjMwMDAwMDAwMDAwMCwidXBkYXRlIjo1NDAwMDAwMDAwMDAwfX0="
        }
      ]
    },
    {
      "mode": "managed",
      "type": "azurerm_storage_account",
      "name": "staging_storage",
      "provider": "provider[\"registry.terraform.io/hashicorp/azurerm\"]",
      "instances": [
        {
          "schema_version": 4,
          "attributes": {
            "access_tier": "Hot",
            "account_kind": "StorageV2",
            "account_replication_type": "LRS",
            "account_tier": "Standard",
            "allow_nested_items_to_be_public": true,
            "allowed_copy_scope": "",
            "azure_files_authentication": [],
            "blob_properties": [
              {
                "change_feed_enabled": false,
                "change_feed_retention_in_days": 0,
                "container_delete_retention_policy": [],
                "cors_rule": [],
                "default_service_version": "",
                "delete_retention_policy": [],
                "last_access_time_enabled": false,
                "restore_policy": [],
                "versioning_enabled": false
              }
            ],
            "cross_tenant_replication_enabled": false,
            "custom_domain": [],
            "customer_managed_key": [],
            "default_to_oauth_authentication": false,
            "dns_endpoint_type": "Standard",
            "edge_zone": "",
            "https_traffic_only_enabled": true,
            "id": "/subscriptions/d142c4c7-733e-4ee6-9bb4-bcbe829e13c2/resourceGroups/staging_Rg/providers/Microsoft.Storage/storageAccounts/stagingstoragekjadh",
            "identity": [],
            "immutability_policy": [],
            "infrastructure_encryption_enabled": false,
            "is_hns_enabled": false,
            "large_file_share_enabled": false,
            "local_user_enabled": true,
            "location": "eastus",
            "min_tls_version": "TLS1_2",
            "name": "stagingstoragekjadh",
            "network_rules": [],
            "nfsv3_enabled": false,
            "primary_access_key": "Cozv1v5dL0P09NnAM4y5uVtQbFy5hO2UQIgW3Rd8Ev9WAt9sNCmlnjArObE08TuN/KY4bz2aJDyI+AStoqgfPw==",
            "primary_blob_connection_string": "DefaultEndpointsProtocol=https;BlobEndpoint=https://stagingstoragekjadh.blob.core.windows.net/;AccountName=stagingstoragekjadh;AccountKey=Cozv1v5dL0P09NnAM4y5uVtQbFy5hO2UQIgW3Rd8Ev9WAt9sNCmlnjArObE08TuN/KY4bz2aJDyI+AStoqgfPw==",
            "primary_blob_endpoint": "https://stagingstoragekjadh.blob.core.windows.net/",
            "primary_blob_host": "stagingstoragekjadh.blob.core.windows.net",
            "primary_blob_internet_endpoint": "",
            "primary_blob_internet_host": "",
            "primary_blob_microsoft_endpoint": "",
            "primary_blob_microsoft_host": "",
            "primary_connection_string": "DefaultEndpointsProtocol=https;AccountName=stagingstoragekjadh;AccountKey=Cozv1v5dL0P09NnAM4y5uVtQbFy5hO2UQIgW3Rd8Ev9WAt9sNCmlnjArObE08TuN/KY4bz2aJDyI+AStoqgfPw==;EndpointSuffix=core.windows.net",
            "primary_dfs_endpoint": "https://stagingstoragekjadh.dfs.core.windows.net/",
            "primary_dfs_host": "stagingstoragekjadh.dfs.core.windows.net",
            "primary_dfs_internet_endpoint": "",
            "primary_dfs_internet_host": "",
            "primary_dfs_microsoft_endpoint": "",
            "primary_dfs_microsoft_host": "",
            "primary_file_endpoint": "https://stagingstoragekjadh.file.core.windows.net/",
            "primary_file_host": "stagingstoragekjadh.file.core.windows.net",
            "primary_file_internet_endpoint": "",
            "primary_file_internet_host": "",
            "primary_file_microsoft_endpoint": "",
            "primary_file_microsoft_host": "",
            "primary_location": "eastus",
            "primary_queue_endpoint": "https://stagingstoragekjadh.queue.core.windows.net/",
            "primary_queue_host": "stagingstoragekjadh.queue.core.windows.net",
            "primary_queue_microsoft_endpoint": "",
            "primary_queue_microsoft_host": "",
            "primary_table_endpoint": "https://stagingstoragekjadh.table.core.windows.net/",
            "primary_table_host": "stagingstoragekjadh.table.core.windows.net",
            "primary_table_microsoft_endpoint": "",
            "primary_table_microsoft_host": "",
            "primary_web_endpoint": "https://stagingstoragekjadh.z13.web.core.windows.net/",
            "primary_web_host": "stagingstoragekjadh.z13.web.core.windows.net",
            "primary_web_internet_endpoint": "",
            "primary_web_internet_host": "",
            "primary_web_microsoft_endpoint": "",
            "primary_web_microsoft_host": "",
            "public_network_access_enabled": true,
            "queue_encryption_key_type": "Service",
            "queue_properties": [
              {
                "cors_rule": [],
                "hour_metrics": [
                  {
                    "enabled": true,
                    "include_apis": true,
                    "retention_policy_days": 7,
                    "version": "1.0"
                  }
                ],
                "logging": [
                  {
                    "delete": false,
                    "read": false,
                    "retention_policy_days": 0,
                    "version": "1.0",
                    "write": false
                  }
                ],
                "minute_metrics": [
                  {
                    "enabled": false,
                    "include_apis": false,
                    "retention_policy_days": 0,
                    "version": "1.0"
                  }
                ]
              }
            ],
            "resource_group_name": "staging_Rg",
            "routing": [],
            "sas_policy": [],
            "secondary_access_key": "HsjtU7B9B9+RRtzD4dV4PC2ml3GcqEHQvXkaqCZZs/5yH4xkyOqZT/YvMonnanrzKtc2XNadUEjQ+AStprMsbw==",
            "secondary_blob_connection_string": "",
            "secondary_blob_endpoint": "",
            "secondary_blob_host": "",
            "secondary_blob_internet_endpoint": "",
            "secondary_blob_internet_host": "",
            "secondary_blob_microsoft_endpoint": "",
            "secondary_blob_microsoft_host": "",
            "secondary_connection_string": "DefaultEndpointsProtocol=https;AccountName=stagingstoragekjadh;AccountKey=HsjtU7B9B9+RRtzD4dV4PC2ml3GcqEHQvXkaqCZZs/5yH4xkyOqZT/YvMonnanrzKtc2XNadUEjQ+AStprMsbw==;EndpointSuffix=core.windows.net",
            "secondary_dfs_endpoint": "",
            "secondary_dfs_host": "",
            "secondary_dfs_internet_endpoint": "",
            "secondary_dfs_internet_host": "",
            "secondary_dfs_microsoft_endpoint": "",
            "secondary_dfs_microsoft_host": "",
            "secondary_file_endpoint": "",
            "secondary_file_host": "",
            "secondary_file_internet_endpoint": "",
            "secondary_file_internet_host": "",
            "secondary_file_microsoft_endpoint": "",
            "secondary_file_microsoft_host": "",
            "secondary_location": "",
            "secondary_queue_endpoint": "",
            "secondary_queue_host": "",
            "secondary_queue_microsoft_endpoint": "",
            "secondary_queue_microsoft_host": "",
            "secondary_table_endpoint": "",
            "secondary_table_host": "",
            "secondary_table_microsoft_endpoint": "",
            "secondary_table_microsoft_host": "",
            "secondary_web_endpoint": "",
            "secondary_web_host": "",
            "secondary_web_internet_endpoint": "",
            "secondary_web_internet_host": "",
            "secondary_web_microsoft_endpoint": "",
            "secondary_web_microsoft_host": "",
            "sftp_enabled": false,
            "share_properties": [
              {
                "cors_rule": [],
                "retention_policy": [
                  {
                    "days": 7
                  }
                ],
                "smb": []
              }
            ],
            "shared_access_key_enabled": true,
            "static_website": [],
            "table_encryption_key_type": "Service",
            "tags": {},
            "timeouts": null
          },
          "sensitive_attributes": [],
          "private": "eyJlMmJmYjczMC1lY2FhLTExZTYtOGY4OC0zNDM2M2JjN2M0YzAiOnsiY3JlYXRlIjozNjAwMDAwMDAwMDAwLCJkZWxldGUiOjM2MDAwMDAwMDAwMDAsInJlYWQiOjMwMDAwMDAwMDAwMCwidXBkYXRlIjozNjAwMDAwMDAwMDAwfSwic2NoZW1hX3ZlcnNpb24iOiI0In0=",
          "dependencies": [
            "azurerm_resource_group.staging_rg"
          ]
        }
      ]
    },
    {
      "mode": "managed",
      "type": "azurerm_subnet",
      "name": "staging_subnet",
      "provider": "provider[\"registry.terraform.io/hashicorp/azurerm\"]",
      "instances": [
        {
          "schema_version": 0,
          "attributes": {
            "address_prefixes": [
              "10.0.1.0/24"
            ],
            "default_outbound_access_enabled": true,
            "delegation": [],
            "id": "/subscriptions/d142c4c7-733e-4ee6-9bb4-bcbe829e13c2/resourceGroups/staging_Rg/providers/Microsoft.Network/virtualNetworks/staging_vnet/subnets/staging_subnet",
            "name": "staging_subnet",
            "private_endpoint_network_policies": "Disabled",
            "private_link_service_network_policies_enabled": true,
            "resource_group_name": "staging_Rg",
            "service_endpoint_policy_ids": [],
            "service_endpoints": [],
            "timeouts": null,
            "virtual_network_name": "staging_vnet"
          },
          "sensitive_attributes": [],
          "private": "eyJlMmJmYjczMC1lY2FhLTExZTYtOGY4OC0zNDM2M2JjN2M0YzAiOnsiY3JlYXRlIjoxODAwMDAwMDAwMDAwLCJkZWxldGUiOjE4MDAwMDAwMDAwMDAsInJlYWQiOjMwMDAwMDAwMDAwMCwidXBkYXRlIjoxODAwMDAwMDAwMDAwfX0=",
          "dependencies": [
            "azurerm_resource_group.staging_rg",
            "azurerm_virtual_network.staging_vnet"
          ]
        }
      ]
    },
    {
      "mode": "managed",
      "type": "azurerm_subnet_network_security_group_association",
      "name": "subnet_nsg_association",
      "provider": "provider[\"registry.terraform.io/hashicorp/azurerm\"]",
      "instances": [
        {
          "schema_version": 0,
          "attributes": {
            "id": "/subscriptions/d142c4c7-733e-4ee6-9bb4-bcbe829e13c2/resourceGroups/staging_Rg/providers/Microsoft.Network/virtualNetworks/staging_vnet/subnets/staging_subnet",
            "network_security_group_id": "/subscriptions/d142c4c7-733e-4ee6-9bb4-bcbe829e13c2/resourceGroups/staging_Rg/providers/Microsoft.Network/networkSecurityGroups/staging_nsg",
            "subnet_id": "/subscriptions/d142c4c7-733e-4ee6-9bb4-bcbe829e13c2/resourceGroups/staging_Rg/providers/Microsoft.Network/virtualNetworks/staging_vnet/subnets/staging_subnet",
            "timeouts": null
          },
          "sensitive_attributes": [],
          "private": "eyJlMmJmYjczMC1lY2FhLTExZTYtOGY4OC0zNDM2M2JjN2M0YzAiOnsiY3JlYXRlIjoxODAwMDAwMDAwMDAwLCJkZWxldGUiOjE4MDAwMDAwMDAwMDAsInJlYWQiOjMwMDAwMDAwMDAwMH19",
          "dependencies": [
            "azurerm_network_security_group.staging_nsg",
            "azurerm_resource_group.staging_rg",
            "azurerm_subnet.staging_subnet",
            "azurerm_virtual_network.staging_vnet"
          ]
        }
      ]
    },
    {
      "mode": "managed",
      "type": "azurerm_virtual_network",
      "name": "staging_vnet",
      "provider": "provider[\"registry.terraform.io/hashicorp/azurerm\"]",
      "instances": [
        {
          "schema_version": 0,
          "attributes": {
            "address_space": [
              "10.0.0.0/16"
            ],
            "bgp_community": "",
            "ddos_protection_plan": [],
            "dns_servers": [],
            "edge_zone": "",
            "encryption": [],
            "flow_timeout_in_minutes": 0,
            "guid": "e28f45fa-d93d-4906-92e0-4118846e03ba",
            "id": "/subscriptions/d142c4c7-733e-4ee6-9bb4-bcbe829e13c2/resourceGroups/staging_Rg/providers/Microsoft.Network/virtualNetworks/staging_vnet",
            "location": "eastus",
            "name": "staging_vnet",
            "resource_group_name": "staging_Rg",
            "subnet": [
              {
                "address_prefixes": [
                  "10.0.1.0/24"
                ],
                "default_outbound_access_enabled": true,
                "delegation": [],
                "id": "/subscriptions/d142c4c7-733e-4ee6-9bb4-bcbe829e13c2/resourceGroups/staging_Rg/providers/Microsoft.Network/virtualNetworks/staging_vnet/subnets/staging_subnet",
                "name": "staging_subnet",
                "private_endpoint_network_policies": "Disabled",
                "private_link_service_network_policies_enabled": true,
                "route_table_id": "",
                "security_group": "/subscriptions/d142c4c7-733e-4ee6-9bb4-bcbe829e13c2/resourceGroups/staging_Rg/providers/Microsoft.Network/networkSecurityGroups/staging_nsg",
                "service_endpoint_policy_ids": [],
                "service_endpoints": []
              }
            ],
            "tags": {},
            "timeouts": null
          },
          "sensitive_attributes": [],
          "private": "eyJlMmJmYjczMC1lY2FhLTExZTYtOGY4OC0zNDM2M2JjN2M0YzAiOnsiY3JlYXRlIjoxODAwMDAwMDAwMDAwLCJkZWxldGUiOjE4MDAwMDAwMDAwMDAsInJlYWQiOjMwMDAwMDAwMDAwMCwidXBkYXRlIjoxODAwMDAwMDAwMDAwfX0=",
          "dependencies": [
            "azurerm_resource_group.staging_rg"
          ]
        }
      ]
    }
  ],
  "check_results": null
}
